
Microsoft Visual Studio Solution File, Format Version 12.00
# Visual Studio Version 16
VisualStudioVersion = 16.0.29709.97
MinimumVisualStudioVersion = 10.0.40219.1
Project("{FAE04EC0-301F-11D3-BF4B-00C04F79EFBC}") = "MyVet.Common", "MyVet.Common\MyVet.Common.csproj", "{77DCB9FA-7C8E-49D7-9201-434569BC3F81}"
EndProject
Project("{FAE04EC0-301F-11D3-BF4B-00C04F79EFBC}") = "MyVet.Web", "MyVet.Web\MyVet.Web.csproj", "{81DE009F-FA1A-4CB0-BC17-D0D1FC82D639}"
EndProject
Global
	GlobalSection(SolutionConfigurationPlatforms) = preSolution
		Debug|Any CPU = Debug|Any CPU
		Release|Any CPU = Release|Any CPU
	EndGlobalSection
	GlobalSection(ProjectConfigurationPlatforms) = postSolution
		{77DCB9FA-7C8E-49D7-9201-434569BC3F81}.Debug|Any CPU.ActiveCfg = Debug|Any CPU
		{77DCB9FA-7C8E-49D7-9201-434569BC3F81}.Debug|Any CPU.Build.0 = Debug|Any CPU
		{77DCB9FA-7C8E-49D7-9201-434569BC3F81}.Release|Any CPU.ActiveCfg = Release|Any CPU
		{77DCB9FA-7C8E-49D7-9201-434569BC3F81}.Release|Any CPU.Build.0 = Release|Any CPU
		{81DE009F-FA1A-4CB0-BC17-D0D1FC82D639}.Debug|Any CPU.ActiveCfg = Debug|Any CPU
		{81DE009F-FA1A-4CB0-BC17-D0D1FC82D639}.Debug|Any CPU.Build.0 = Debug|Any CPU
		{81DE009F-FA1A-4CB0-BC17-D0D1FC82D639}.Release|Any CPU.ActiveCfg = Release|Any CPU
		{81DE009F-FA1A-4CB0-BC17-D0D1FC82D639}.Release|Any CPU.Build.0 = Release|Any CPU
	EndGlobalSection
	GlobalSection(SolutionProperties) = preSolution
		HideSolutionNode = FALSE
	EndGlobalSection
	GlobalSection(ExtensibilityGlobals) = postSolution
		SolutionGuid = {353B0363-847B-4999-874B-E28A88CA330E}
	EndGlobalSection
EndGlobal
